
Microsoft Visual Studio Solution File, Format Version 12.00
# Visual Studio Version 17
VisualStudioVersion = 17.14.36414.22 d17.14
MinimumVisualStudioVersion = 10.0.40219.1
Project("{FAE04EC0-301F-11D3-BF4B-00C04F79EFBC}") = "BigMammaPizzaria", "BigMammaPizzaria\BigMammaPizzaria.csproj", "{892502A0-EDD8-46CA-BB16-790FE4A90460}"
EndProject
Project("{FAE04EC0-301F-11D3-BF4B-00C04F79EFBC}") = "PizzaLibrary", "PizzaLibrary\PizzaLibrary.csproj", "{C757CD57-829A-409C-AF38-F08CBED3AC8B}"
EndProject
Global
	GlobalSection(SolutionConfigurationPlatforms) = preSolution
		Debug|Any CPU = Debug|Any CPU
		Release|Any CPU = Release|Any CPU
	EndGlobalSection
	GlobalSection(ProjectConfigurationPlatforms) = postSolution
		{892502A0-EDD8-46CA-BB16-790FE4A90460}.Debug|Any CPU.ActiveCfg = Debug|Any CPU
		{892502A0-EDD8-46CA-BB16-790FE4A90460}.Debug|Any CPU.Build.0 = Debug|Any CPU
		{892502A0-EDD8-46CA-BB16-790FE4A90460}.Release|Any CPU.ActiveCfg = Release|Any CPU
		{892502A0-EDD8-46CA-BB16-790FE4A90460}.Release|Any CPU.Build.0 = Release|Any CPU
		{C757CD57-829A-409C-AF38-F08CBED3AC8B}.Debug|Any CPU.ActiveCfg = Debug|Any CPU
		{C757CD57-829A-409C-AF38-F08CBED3AC8B}.Debug|Any CPU.Build.0 = Debug|Any CPU
		{C757CD57-829A-409C-AF38-F08CBED3AC8B}.Release|Any CPU.ActiveCfg = Release|Any CPU
		{C757CD57-829A-409C-AF38-F08CBED3AC8B}.Release|Any CPU.Build.0 = Release|Any CPU
	EndGlobalSection
	GlobalSection(SolutionProperties) = preSolution
		HideSolutionNode = FALSE
	EndGlobalSection
	GlobalSection(ExtensibilityGlobals) = postSolution
		SolutionGuid = {D02770B5-D023-40AC-A194-E6EA26012EE8}
	EndGlobalSection
EndGlobal
