
Microsoft Visual Studio Solution File, Format Version 12.00
# Visual Studio Version 17
VisualStudioVersion = 17.14.36414.22 d17.14
MinimumVisualStudioVersion = 10.0.40219.1
Project("{FAE04EC0-301F-11D3-BF4B-00C04F79EFBC}") = "TestBigMathCalculator26", "TestBigMathCalculator26\TestBigMathCalculator26.csproj", "{0882B681-34D5-463F-B934-C7A9326942FD}"
EndProject
Project("{FAE04EC0-301F-11D3-BF4B-00C04F79EFBC}") = "TestCalculator", "TestCalculator\TestCalculator.csproj", "{4DE6A8C1-44A3-4F72-9D3C-524BBF4513F2}"
EndProject
Global
	GlobalSection(SolutionConfigurationPlatforms) = preSolution
		Debug|Any CPU = Debug|Any CPU
		Release|Any CPU = Release|Any CPU
	EndGlobalSection
	GlobalSection(ProjectConfigurationPlatforms) = postSolution
		{0882B681-34D5-463F-B934-C7A9326942FD}.Debug|Any CPU.ActiveCfg = Debug|Any CPU
		{0882B681-34D5-463F-B934-C7A9326942FD}.Debug|Any CPU.Build.0 = Debug|Any CPU
		{0882B681-34D5-463F-B934-C7A9326942FD}.Release|Any CPU.ActiveCfg = Release|Any CPU
		{0882B681-34D5-463F-B934-C7A9326942FD}.Release|Any CPU.Build.0 = Release|Any CPU
		{4DE6A8C1-44A3-4F72-9D3C-524BBF4513F2}.Debug|Any CPU.ActiveCfg = Debug|Any CPU
		{4DE6A8C1-44A3-4F72-9D3C-524BBF4513F2}.Debug|Any CPU.Build.0 = Debug|Any CPU
		{4DE6A8C1-44A3-4F72-9D3C-524BBF4513F2}.Release|Any CPU.ActiveCfg = Release|Any CPU
		{4DE6A8C1-44A3-4F72-9D3C-524BBF4513F2}.Release|Any CPU.Build.0 = Release|Any CPU
	EndGlobalSection
	GlobalSection(SolutionProperties) = preSolution
		HideSolutionNode = FALSE
	EndGlobalSection
	GlobalSection(ExtensibilityGlobals) = postSolution
		SolutionGuid = {14AAC55E-5FD1-4446-802B-5E0FBB294289}
	EndGlobalSection
EndGlobal
